// !$*UTF8*$!
{
	archiveVersion = 1;
	classes = {
	};
	objectVersion = 77;
	objects = {

/* Begin PBXBuildFile section */
		9A9085D9ECB72CDF764AA803 /* Pods_recipe_app.framework in Frameworks */ = {isa = PBXBuildFile; fileRef = A8A786FA2A54B968B16B28EE /* Pods_recipe_app.framework */; };
/* End PBXBuildFile section */

/* Begin PBXContainerItemProxy section */
		2E9FB3AB2DFDBE4800AE03E7 /* PBXContainerItemProxy */ = {
			isa = PBXContainerItemProxy;
			containerPortal = 2E9FB3892DFDBE4600AE03E7 /* Project object */;
			proxyType = 1;
			remoteGlobalIDString = 2E9FB3902DFDBE4600AE03E7;
			remoteInfo = "recipe-app";
		};
		2E9FB3B52DFDBE4800AE03E7 /* PBXContainerItemProxy */ = {
			isa = PBXContainerItemProxy;
			containerPortal = 2E9FB3892DFDBE4600AE03E7 /* Project object */;
			proxyType = 1;
			remoteGlobalIDString = 2E9FB3902DFDBE4600AE03E7;
			remoteInfo = "recipe-app";
		};
/* End PBXContainerItemProxy section */

/* Begin PBXFileReference section */
		2E9FB3912DFDBE4600AE03E7 /* recipe-app.app */ = {isa = PBXFileReference; explicitFileType = wrapper.application; includeInIndex = 0; path = "recipe-app.app"; sourceTree = BUILT_PRODUCTS_DIR; };
		2E9FB3AA2DFDBE4800AE03E7 /* recipe-appTests.xctest */ = {isa = PBXFileReference; explicitFileType = wrapper.cfbundle; includeInIndex = 0; path = "recipe-appTests.xctest"; sourceTree = BUILT_PRODUCTS_DIR; };
		2E9FB3B42DFDBE4800AE03E7 /* recipe-appUITests.xctest */ = {isa = PBXFileReference; explicitFileType = wrapper.cfbundle; includeInIndex = 0; path = "recipe-appUITests.xctest"; sourceTree = BUILT_PRODUCTS_DIR; };
		502D2C68C7DBB007E2C4422F /* Pods-recipe-app.debug.xcconfig */ = {isa = PBXFileReference; includeInIndex = 1; lastKnownFileType = text.xcconfig; name = "Pods-recipe-app.debug.xcconfig"; path = "Target Support Files/Pods-recipe-app/Pods-recipe-app.debug.xcconfig"; sourceTree = "<group>"; };
		A8A786FA2A54B968B16B28EE /* Pods_recipe_app.framework */ = {isa = PBXFileReference; explicitFileType = wrapper.framework; includeInIndex = 0; path = Pods_recipe_app.framework; sourceTree = BUILT_PRODUCTS_DIR; };
		B73FE3039F72AD30E6264648 /* Pods-recipe-app.release.xcconfig */ = {isa = PBXFileReference; includeInIndex = 1; lastKnownFileType = text.xcconfig; name = "Pods-recipe-app.release.xcconfig"; path = "Target Support Files/Pods-recipe-app/Pods-recipe-app.release.xcconfig"; sourceTree = "<group>"; };
/* End PBXFileReference section */

/* Begin PBXFileSystemSynchronizedBuildFileExceptionSet section */
		2E9FB3BC2DFDBE4800AE03E7 /* Exceptions for "recipe-app" folder in "recipe-app" target */ = {
			isa = PBXFileSystemSynchronizedBuildFileExceptionSet;
			membershipExceptions = (
				Info.plist,
			);
			target = 2E9FB3902DFDBE4600AE03E7 /* recipe-app */;
		};
/* End PBXFileSystemSynchronizedBuildFileExceptionSet section */

/* Begin PBXFileSystemSynchronizedRootGroup section */
		2E9FB3932DFDBE4600AE03E7 /* recipe-app */ = {
			isa = PBXFileSystemSynchronizedRootGroup;
			exceptions = (
				2E9FB3BC2DFDBE4800AE03E7 /* Exceptions for "recipe-app" folder in "recipe-app" target */,
			);
			path = "recipe-app";
			sourceTree = "<group>";
		};
		2E9FB3AD2DFDBE4800AE03E7 /* recipe-appTests */ = {
			isa = PBXFileSystemSynchronizedRootGroup;
			path = "recipe-appTests";
			sourceTree = "<group>";
		};
		2E9FB3B72DFDBE4800AE03E7 /* recipe-appUITests */ = {
			isa = PBXFileSystemSynchronizedRootGroup;
			path = "recipe-appUITests";
			sourceTree = "<group>";
		};
/* End PBXFileSystemSynchronizedRootGroup section */

/* Begin PBXFrameworksBuildPhase section */
		2E9FB38E2DFDBE4600AE03E7 /* Frameworks */ = {
			isa = PBXFrameworksBuildPhase;
			buildActionMask = 2147483647;
			files = (
				9A9085D9ECB72CDF764AA803 /* Pods_recipe_app.framework in Frameworks */,
			);
			runOnlyForDeploymentPostprocessing = 0;
		};
		2E9FB3A72DFDBE4800AE03E7 /* Frameworks */ = {
			isa = PBXFrameworksBuildPhase;
			buildActionMask = 2147483647;
			files = (
			);
			runOnlyForDeploymentPostprocessing = 0;
		};
		2E9FB3B12DFDBE4800AE03E7 /* Frameworks */ = {
			isa = PBXFrameworksBuildPhase;
			buildActionMask = 2147483647;
			files = (
			);
			runOnlyForDeploymentPostprocessing = 0;
		};
/* End PBXFrameworksBuildPhase section */

/* Begin PBXGroup section */
		18A654D6801A154DEC0D79B2 /* Pods */ = {
			isa = PBXGroup;
			children = (
				502D2C68C7DBB007E2C4422F /* Pods-recipe-app.debug.xcconfig */,
				B73FE3039F72AD30E6264648 /* Pods-recipe-app.release.xcconfig */,
			);
			path = Pods;
			sourceTree = "<group>";
		};
		2E9FB3882DFDBE4600AE03E7 = {
			isa = PBXGroup;
			children = (
				2E9FB3932DFDBE4600AE03E7 /* recipe-app */,
				2E9FB3AD2DFDBE4800AE03E7 /* recipe-appTests */,
				2E9FB3B72DFDBE4800AE03E7 /* recipe-appUITests */,
				2E9FB3922DFDBE4600AE03E7 /* Products */,
				18A654D6801A154DEC0D79B2 /* Pods */,
				959178950E8899F69B4E5F24 /* Frameworks */,
			);
			sourceTree = "<group>";
		};
		2E9FB3922DFDBE4600AE03E7 /* Products */ = {
			isa = PBXGroup;
			children = (
				2E9FB3912DFDBE4600AE03E7 /* recipe-app.app */,
				2E9FB3AA2DFDBE4800AE03E7 /* recipe-appTests.xctest */,
				2E9FB3B42DFDBE4800AE03E7 /* recipe-appUITests.xctest */,
			);
			name = Products;
			sourceTree = "<group>";
		};
		959178950E8899F69B4E5F24 /* Frameworks */ = {
			isa = PBXGroup;
			children = (
				A8A786FA2A54B968B16B28EE /* Pods_recipe_app.framework */,
			);
			name = Frameworks;
			sourceTree = "<group>";
		};
/* End PBXGroup section */

/* Begin PBXNativeTarget section */
		2E9FB3902DFDBE4600AE03E7 /* recipe-app */ = {
			isa = PBXNativeTarget;
			buildConfigurationList = 2E9FB3BD2DFDBE4800AE03E7 /* Build configuration list for PBXNativeTarget "recipe-app" */;
			buildPhases = (
				468FED0B7C3BFF80BF79AC50 /* [CP] Check Pods Manifest.lock */,
				2E9FB38D2DFDBE4600AE03E7 /* Sources */,
				2E9FB38E2DFDBE4600AE03E7 /* Frameworks */,
				2E9FB38F2DFDBE4600AE03E7 /* Resources */,
				F04CEEFB32C67A52CE82A013 /* [CP] Embed Pods Frameworks */,
			);
			buildRules = (
			);
			dependencies = (
			);
			fileSystemSynchronizedGroups = (
				2E9FB3932DFDBE4600AE03E7 /* recipe-app */,
			);
			name = "recipe-app";
			productName = "recipe-app";
			productReference = 2E9FB3912DFDBE4600AE03E7 /* recipe-app.app */;
			productType = "com.apple.product-type.application";
		};
		2E9FB3A92DFDBE4800AE03E7 /* recipe-appTests */ = {
			isa = PBXNativeTarget;
			buildConfigurationList = 2E9FB3C22DFDBE4800AE03E7 /* Build configuration list for PBXNativeTarget "recipe-appTests" */;
			buildPhases = (
				2E9FB3A62DFDBE4800AE03E7 /* Sources */,
				2E9FB3A72DFDBE4800AE03E7 /* Frameworks */,
				2E9FB3A82DFDBE4800AE03E7 /* Resources */,
			);
			buildRules = (
			);
			dependencies = (
				2E9FB3AC2DFDBE4800AE03E7 /* PBXTargetDependency */,
			);
			fileSystemSynchronizedGroups = (
				2E9FB3AD2DFDBE4800AE03E7 /* recipe-appTests */,
			);
			name = "recipe-appTests";
			productName = "recipe-appTests";
			productReference = 2E9FB3AA2DFDBE4800AE03E7 /* recipe-appTests.xctest */;
			productType = "com.apple.product-type.bundle.unit-test";
		};
		2E9FB3B32DFDBE4800AE03E7 /* recipe-appUITests */ = {
			isa = PBXNativeTarget;
			buildConfigurationList = 2E9FB3C52DFDBE4800AE03E7 /* Build configuration list for PBXNativeTarget "recipe-appUITests" */;
			buildPhases = (
				2E9FB3B02DFDBE4800AE03E7 /* Sources */,
				2E9FB3B12DFDBE4800AE03E7 /* Frameworks */,
				2E9FB3B22DFDBE4800AE03E7 /* Resources */,
			);
			buildRules = (
			);
			dependencies = (
				2E9FB3B62DFDBE4800AE03E7 /* PBXTargetDependency */,
			);
			fileSystemSynchronizedGroups = (
				2E9FB3B72DFDBE4800AE03E7 /* recipe-appUITests */,
			);
			name = "recipe-appUITests";
			productName = "recipe-appUITests";
			productReference = 2E9FB3B42DFDBE4800AE03E7 /* recipe-appUITests.xctest */;
			productType = "com.apple.product-type.bundle.ui-testing";
		};
/* End PBXNativeTarget section */

/* Begin PBXProject section */
		2E9FB3892DFDBE4600AE03E7 /* Project object */ = {
			isa = PBXProject;
			attributes = {
				BuildIndependentTargetsInParallel = 1;
				LastSwiftUpdateCheck = 1600;
				LastUpgradeCheck = 1600;
				TargetAttributes = {
					2E9FB3902DFDBE4600AE03E7 = {
						CreatedOnToolsVersion = 16.0;
					};
					2E9FB3A92DFDBE4800AE03E7 = {
						CreatedOnToolsVersion = 16.0;
						TestTargetID = 2E9FB3902DFDBE4600AE03E7;
					};
					2E9FB3B32DFDBE4800AE03E7 = {
						CreatedOnToolsVersion = 16.0;
						TestTargetID = 2E9FB3902DFDBE4600AE03E7;
					};
				};
			};
			buildConfigurationList = 2E9FB38C2DFDBE4600AE03E7 /* Build configuration list for PBXProject "recipe-app" */;
			developmentRegion = en;
			hasScannedForEncodings = 0;
			knownRegions = (
				en,
				Base,
			);
			mainGroup = 2E9FB3882DFDBE4600AE03E7;
			minimizedProjectReferenceProxies = 1;
			preferredProjectObjectVersion = 77;
			productRefGroup = 2E9FB3922DFDBE4600AE03E7 /* Products */;
			projectDirPath = "";
			projectRoot = "";
			targets = (
				2E9FB3902DFDBE4600AE03E7 /* recipe-app */,
				2E9FB3A92DFDBE4800AE03E7 /* recipe-appTests */,
				2E9FB3B32DFDBE4800AE03E7 /* recipe-appUITests */,
			);
		};
/* End PBXProject section */

/* Begin PBXResourcesBuildPhase section */
		2E9FB38F2DFDBE4600AE03E7 /* Resources */ = {
			isa = PBXResourcesBuildPhase;
			buildActionMask = 2147483647;
			files = (
			);
			runOnlyForDeploymentPostprocessing = 0;
		};
		2E9FB3A82DFDBE4800AE03E7 /* Resources */ = {
			isa = PBXResourcesBuildPhase;
			buildActionMask = 2147483647;
			files = (
			);
			runOnlyForDeploymentPostprocessing = 0;
		};
		2E9FB3B22DFDBE4800AE03E7 /* Resources */ = {
			isa = PBXResourcesBuildPhase;
			buildActionMask = 2147483647;
			files = (
			);
			runOnlyForDeploymentPostprocessing = 0;
		};
/* End PBXResourcesBuildPhase section */

/* Begin PBXShellScriptBuildPhase section */
		468FED0B7C3BFF80BF79AC50 /* [CP] Check Pods Manifest.lock */ = {
			isa = PBXShellScriptBuildPhase;
			buildActionMask = 2147483647;
			files = (
			);
			inputFileListPaths = (
			);
			inputPaths = (
				"${PODS_PODFILE_DIR_PATH}/Podfile.lock",
				"${PODS_ROOT}/Manifest.lock",
			);
			name = "[CP] Check Pods Manifest.lock";
			outputFileListPaths = (
			);
			outputPaths = (
				"$(DERIVED_FILE_DIR)/Pods-recipe-app-checkManifestLockResult.txt",
			);
			runOnlyForDeploymentPostprocessing = 0;
			shellPath = /bin/sh;
			shellScript = "diff \"${PODS_PODFILE_DIR_PATH}/Podfile.lock\" \"${PODS_ROOT}/Manifest.lock\" > /dev/null\nif [ $? != 0 ] ; then\n    # print error to STDERR\n    echo \"error: The sandbox is not in sync with the Podfile.lock. Run 'pod install' or update your CocoaPods installation.\" >&2\n    exit 1\nfi\n# This output is used by Xcode 'outputs' to avoid re-running this script phase.\necho \"SUCCESS\" > \"${SCRIPT_OUTPUT_FILE_0}\"\n";
			showEnvVarsInLog = 0;
		};
		F04CEEFB32C67A52CE82A013 /* [CP] Embed Pods Frameworks */ = {
			isa = PBXShellScriptBuildPhase;
			buildActionMask = 2147483647;
			files = (
			);
			inputFileListPaths = (
				"${PODS_ROOT}/Target Support Files/Pods-recipe-app/Pods-recipe-app-frameworks-${CONFIGURATION}-input-files.xcfilelist",
			);
			name = "[CP] Embed Pods Frameworks";
			outputFileListPaths = (
				"${PODS_ROOT}/Target Support Files/Pods-recipe-app/Pods-recipe-app-frameworks-${CONFIGURATION}-output-files.xcfilelist",
			);
			runOnlyForDeploymentPostprocessing = 0;
			shellPath = /bin/sh;
			shellScript = "\"${PODS_ROOT}/Target Support Files/Pods-recipe-app/Pods-recipe-app-frameworks.sh\"\n";
			showEnvVarsInLog = 0;
		};
/* End PBXShellScriptBuildPhase section */

/* Begin PBXSourcesBuildPhase section */
		2E9FB38D2DFDBE4600AE03E7 /* Sources */ = {
			isa = PBXSourcesBuildPhase;
			buildActionMask = 2147483647;
			files = (
			);
			runOnlyForDeploymentPostprocessing = 0;
		};
		2E9FB3A62DFDBE4800AE03E7 /* Sources */ = {
			isa = PBXSourcesBuildPhase;
			buildActionMask = 2147483647;
			files = (
			);
			runOnlyForDeploymentPostprocessing = 0;
		};
		2E9FB3B02DFDBE4800AE03E7 /* Sources */ = {
			isa = PBXSourcesBuildPhase;
			buildActionMask = 2147483647;
			files = (
			);
			runOnlyForDeploymentPostprocessing = 0;
		};
/* End PBXSourcesBuildPhase section */

/* Begin PBXTargetDependency section */
		2E9FB3AC2DFDBE4800AE03E7 /* PBXTargetDependency */ = {
			isa = PBXTargetDependency;
			target = 2E9FB3902DFDBE4600AE03E7 /* recipe-app */;
			targetProxy = 2E9FB3AB2DFDBE4800AE03E7 /* PBXContainerItemProxy */;
		};
		2E9FB3B62DFDBE4800AE03E7 /* PBXTargetDependency */ = {
			isa = PBXTargetDependency;
			target = 2E9FB3902DFDBE4600AE03E7 /* recipe-app */;
			targetProxy = 2E9FB3B52DFDBE4800AE03E7 /* PBXContainerItemProxy */;
		};
/* End PBXTargetDependency section */

/* Begin XCBuildConfiguration section */
		2E9FB3BE2DFDBE4800AE03E7 /* Debug */ = {
			isa = XCBuildConfiguration;
			baseConfigurationReference = 502D2C68C7DBB007E2C4422F /* Pods-recipe-app.debug.xcconfig */;
			buildSettings = {
				ASSETCATALOG_COMPILER_APPICON_NAME = AppIcon;
				ASSETCATALOG_COMPILER_GLOBAL_ACCENT_COLOR_NAME = AccentColor;
				CODE_SIGN_STYLE = Automatic;
				CURRENT_PROJECT_VERSION = 1;
				DEVELOPMENT_TEAM = LKX6LDMRFG;
				ENABLE_USER_SCRIPT_SANDBOXING = NO;
				GENERATE_INFOPLIST_FILE = YES;
				INFOPLIST_FILE = "recipe-app/Info.plist";
				INFOPLIST_KEY_UIApplicationSupportsIndirectInputEvents = YES;
				INFOPLIST_KEY_UILaunchStoryboardName = LaunchScreen;
				INFOPLIST_KEY_UIMainStoryboardFile = "";
				INFOPLIST_KEY_UISupportedInterfaceOrientations_iPad = "UIInterfaceOrientationPortrait UIInterfaceOrientationPortraitUpsideDown UIInterfaceOrientationLandscapeLeft UIInterfaceOrientationLandscapeRight";
				INFOPLIST_KEY_UISupportedInterfaceOrientations_iPhone = "UIInterfaceOrientationPortrait UIInterfaceOrientationLandscapeLeft UIInterfaceOrientationLandscapeRight";
				LD_RUNPATH_SEARCH_PATHS = (
					"$(inherited)",
					"@executable_path/Frameworks",
				);
				MARKETING_VERSION = 1.0;
				PRODUCT_BUNDLE_IDENTIFIER = "com.zulkams.recipe-app";
				PRODUCT_NAME = "$(TARGET_NAME)";
				SWIFT_EMIT_LOC_STRINGS = YES;
				SWIFT_VERSION = 5.0;
				TARGETED_DEVICE_FAMILY = "1,2";
			};
			name = Debug;
		};
		2E9FB3BF2DFDBE4800AE03E7 /* Release */ = {
			isa = XCBuildConfiguration;
			baseConfigurationReference = B73FE3039F72AD30E6264648 /* Pods-recipe-app.release.xcconfig */;
			buildSettings = {
				ASSETCATALOG_COMPILER_APPICON_NAME = AppIcon;
				ASSETCATALOG_COMPILER_GLOBAL_ACCENT_COLOR_NAME = AccentColor;
				CODE_SIGN_STYLE = Automatic;
				CURRENT_PROJECT_VERSION = 1;
				DEVELOPMENT_TEAM = LKX6LDMRFG;
				ENABLE_USER_SCRIPT_SANDBOXING = NO;
				GENERATE_INFOPLIST_FILE = YES;
				INFOPLIST_FILE = "recipe-app/Info.plist";
				INFOPLIST_KEY_UIApplicationSupportsIndirectInputEvents = YES;
				INFOPLIST_KEY_UILaunchStoryboardName = LaunchScreen;
				INFOPLIST_KEY_UIMainStoryboardFile = "";
				INFOPLIST_KEY_UISupportedInterfaceOrientations_iPad = "UIInterfaceOrientationPortrait UIInterfaceOrientationPortraitUpsideDown UIInterfaceOrientationLandscapeLeft UIInterfaceOrientationLandscapeRight";
				INFOPLIST_KEY_UISupportedInterfaceOrientations_iPhone = "UIInterfaceOrientationPortrait UIInterfaceOrientationLandscapeLeft UIInterfaceOrientationLandscapeRight";
				LD_RUNPATH_SEARCH_PATHS = (
					"$(inherited)",
					"@executable_path/Frameworks",
				);
				MARKETING_VERSION = 1.0;
				PRODUCT_BUNDLE_IDENTIFIER = "com.zulkams.recipe-app";
				PRODUCT_NAME = "$(TARGET_NAME)";
				SWIFT_EMIT_LOC_STRINGS = YES;
				SWIFT_VERSION = 5.0;
				TARGETED_DEVICE_FAMILY = "1,2";
			};
			name = Release;
		};
		2E9FB3C02DFDBE4800AE03E7 /* Debug */ = {
			isa = XCBuildConfiguration;
			buildSettings = {
				ALWAYS_SEARCH_USER_PATHS = NO;
				ASSETCATALOG_COMPILER_GENERATE_SWIFT_ASSET_SYMBOL_EXTENSIONS = YES;
				CLANG_ANALYZER_NONNULL = YES;
				CLANG_ANALYZER_NUMBER_OBJECT_CONVERSION = YES_AGGRESSIVE;
				CLANG_CXX_LANGUAGE_STANDARD = "gnu++20";
				CLANG_ENABLE_MODULES = YES;
				CLANG_ENABLE_OBJC_ARC = YES;
				CLANG_ENABLE_OBJC_WEAK = YES;
				CLANG_WARN_BLOCK_CAPTURE_AUTORELEASING = YES;
				CLANG_WARN_BOOL_CONVERSION = YES;
				CLANG_WARN_COMMA = YES;
				CLANG_WARN_CONSTANT_CONVERSION = YES;
				CLANG_WARN_DEPRECATED_OBJC_IMPLEMENTATIONS = YES;
				CLANG_WARN_DIRECT_OBJC_ISA_USAGE = YES_ERROR;
				CLANG_WARN_DOCUMENTATION_COMMENTS = YES;
				CLANG_WARN_EMPTY_BODY = YES;
				CLANG_WARN_ENUM_CONVERSION = YES;
				CLANG_WARN_INFINITE_RECURSION = YES;
				CLANG_WARN_INT_CONVERSION = YES;
				CLANG_WARN_NON_LITERAL_NULL_CONVERSION = YES;
				CLANG_WARN_OBJC_IMPLICIT_RETAIN_SELF = YES;
				CLANG_WARN_OBJC_LITERAL_CONVERSION = YES;
				CLANG_WARN_OBJC_ROOT_CLASS = YES_ERROR;
				CLANG_WARN_QUOTED_INCLUDE_IN_FRAMEWORK_HEADER = YES;
				CLANG_WARN_RANGE_LOOP_ANALYSIS = YES;
				CLANG_WARN_STRICT_PROTOTYPES = YES;
				CLANG_WARN_SUSPICIOUS_MOVE = YES;
				CLANG_WARN_UNGUARDED_AVAILABILITY = YES_AGGRESSIVE;
				CLANG_WARN_UNREACHABLE_CODE = YES;
				CLANG_WARN__DUPLICATE_METHOD_MATCH = YES;
				COPY_PHASE_STRIP = NO;
				DEBUG_INFORMATION_FORMAT = dwarf;
				ENABLE_STRICT_OBJC_MSGSEND = YES;
				ENABLE_TESTABILITY = YES;
				ENABLE_USER_SCRIPT_SANDBOXING = YES;
				GCC_C_LANGUAGE_STANDARD = gnu17;
				GCC_DYNAMIC_NO_PIC = NO;
				GCC_NO_COMMON_BLOCKS = YES;
				GCC_OPTIMIZATION_LEVEL = 0;
				GCC_PREPROCESSOR_DEFINITIONS = (
					"DEBUG=1",
					"$(inherited)",
				);
				GCC_WARN_64_TO_32_BIT_CONVERSION = YES;
				GCC_WARN_ABOUT_RETURN_TYPE = YES_ERROR;
				GCC_WARN_UNDECLARED_SELECTOR = YES;
				GCC_WARN_UNINITIALIZED_AUTOS = YES_AGGRESSIVE;
				GCC_WARN_UNUSED_FUNCTION = YES;
				GCC_WARN_UNUSED_VARIABLE = YES;
				IPHONEOS_DEPLOYMENT_TARGET = 18.0;
				LOCALIZATION_PREFERS_STRING_CATALOGS = YES;
				MTL_ENABLE_DEBUG_INFO = INCLUDE_SOURCE;
				MTL_FAST_MATH = YES;
				ONLY_ACTIVE_ARCH = YES;
				SDKROOT = iphoneos;
				SWIFT_ACTIVE_COMPILATION_CONDITIONS = "DEBUG $(inherited)";
				SWIFT_OPTIMIZATION_LEVEL = "-Onone";
			};
			name = Debug;
		};
		2E9FB3C12DFDBE4800AE03E7 /* Release */ = {
			isa = XCBuildConfiguration;
			buildSettings = {
				ALWAYS_SEARCH_USER_PATHS = NO;
				ASSETCATALOG_COMPILER_GENERATE_SWIFT_ASSET_SYMBOL_EXTENSIONS = YES;
				CLANG_ANALYZER_NONNULL = YES;
				CLANG_ANALYZER_NUMBER_OBJECT_CONVERSION = YES_AGGRESSIVE;
				CLANG_CXX_LANGUAGE_STANDARD = "gnu++20";
				CLANG_ENABLE_MODULES = YES;
				CLANG_ENABLE_OBJC_ARC = YES;
				CLANG_ENABLE_OBJC_WEAK = YES;
				CLANG_WARN_BLOCK_CAPTURE_AUTORELEASING = YES;
				CLANG_WARN_BOOL_CONVERSION = YES;
				CLANG_WARN_COMMA = YES;
				CLANG_WARN_CONSTANT_CONVERSION = YES;
				CLANG_WARN_DEPRECATED_OBJC_IMPLEMENTATIONS = YES;
				CLANG_WARN_DIRECT_OBJC_ISA_USAGE = YES_ERROR;
				CLANG_WARN_DOCUMENTATION_COMMENTS = YES;
				CLANG_WARN_EMPTY_BODY = YES;
				CLANG_WARN_ENUM_CONVERSION = YES;
				CLANG_WARN_INFINITE_RECURSION = YES;
				CLANG_WARN_INT_CONVERSION = YES;
				CLANG_WARN_NON_LITERAL_NULL_CONVERSION = YES;
				CLANG_WARN_OBJC_IMPLICIT_RETAIN_SELF = YES;
				CLANG_WARN_OBJC_LITERAL_CONVERSION = YES;
				CLANG_WARN_OBJC_ROOT_CLASS = YES_ERROR;
				CLANG_WARN_QUOTED_INCLUDE_IN_FRAMEWORK_HEADER = YES;
				CLANG_WARN_RANGE_LOOP_ANALYSIS = YES;
				CLANG_WARN_STRICT_PROTOTYPES = YES;
				CLANG_WARN_SUSPICIOUS_MOVE = YES;
				CLANG_WARN_UNGUARDED_AVAILABILITY = YES_AGGRESSIVE;
				CLANG_WARN_UNREACHABLE_CODE = YES;
				CLANG_WARN__DUPLICATE_METHOD_MATCH = YES;
				COPY_PHASE_STRIP = NO;
				DEBUG_INFORMATION_FORMAT = "dwarf-with-dsym";
				ENABLE_NS_ASSERTIONS = NO;
				ENABLE_STRICT_OBJC_MSGSEND = YES;
				ENABLE_USER_SCRIPT_SANDBOXING = YES;
				GCC_C_LANGUAGE_STANDARD = gnu17;
				GCC_NO_COMMON_BLOCKS = YES;
				GCC_WARN_64_TO_32_BIT_CONVERSION = YES;
				GCC_WARN_ABOUT_RETURN_TYPE = YES_ERROR;
				GCC_WARN_UNDECLARED_SELECTOR = YES;
				GCC_WARN_UNINITIALIZED_AUTOS = YES_AGGRESSIVE;
				GCC_WARN_UNUSED_FUNCTION = YES;
				GCC_WARN_UNUSED_VARIABLE = YES;
				IPHONEOS_DEPLOYMENT_TARGET = 18.0;
				LOCALIZATION_PREFERS_STRING_CATALOGS = YES;
				MTL_ENABLE_DEBUG_INFO = NO;
				MTL_FAST_MATH = YES;
				SDKROOT = iphoneos;
				SWIFT_COMPILATION_MODE = wholemodule;
				VALIDATE_PRODUCT = YES;
			};
			name = Release;
		};
		2E9FB3C32DFDBE4800AE03E7 /* Debug */ = {
			isa = XCBuildConfiguration;
			buildSettings = {
				BUNDLE_LOADER = "$(TEST_HOST)";
				CODE_SIGN_STYLE = Automatic;
				CURRENT_PROJECT_VERSION = 1;
				DEVELOPMENT_TEAM = LKX6LDMRFG;
				GENERATE_INFOPLIST_FILE = YES;
				IPHONEOS_DEPLOYMENT_TARGET = 18.0;
				MARKETING_VERSION = 1.0;
				PRODUCT_BUNDLE_IDENTIFIER = "com.zulkams.recipe-appTests";
				PRODUCT_NAME = "$(TARGET_NAME)";
				SWIFT_EMIT_LOC_STRINGS = NO;
				SWIFT_VERSION = 5.0;
				TARGETED_DEVICE_FAMILY = "1,2";
				TEST_HOST = "$(BUILT_PRODUCTS_DIR)/recipe-app.app/$(BUNDLE_EXECUTABLE_FOLDER_PATH)/recipe-app";
			};
			name = Debug;
		};
		2E9FB3C42DFDBE4800AE03E7 /* Release */ = {
			isa = XCBuildConfiguration;
			buildSettings = {
				BUNDLE_LOADER = "$(TEST_HOST)";
				CODE_SIGN_STYLE = Automatic;
				CURRENT_PROJECT_VERSION = 1;
				DEVELOPMENT_TEAM = LKX6LDMRFG;
				GENERATE_INFOPLIST_FILE = YES;
				IPHONEOS_DEPLOYMENT_TARGET = 18.0;
				MARKETING_VERSION = 1.0;
				PRODUCT_BUNDLE_IDENTIFIER = "com.zulkams.recipe-appTests";
				PRODUCT_NAME = "$(TARGET_NAME)";
				SWIFT_EMIT_LOC_STRINGS = NO;
				SWIFT_VERSION = 5.0;
				TARGETED_DEVICE_FAMILY = "1,2";
				TEST_HOST = "$(BUILT_PRODUCTS_DIR)/recipe-app.app/$(BUNDLE_EXECUTABLE_FOLDER_PATH)/recipe-app";
			};
			name = Release;
		};
		2E9FB3C62DFDBE4800AE03E7 /* Debug */ = {
			isa = XCBuildConfiguration;
			buildSettings = {
				CODE_SIGN_STYLE = Automatic;
				CURRENT_PROJECT_VERSION = 1;
				DEVELOPMENT_TEAM = LKX6LDMRFG;
				GENERATE_INFOPLIST_FILE = YES;
				MARKETING_VERSION = 1.0;
				PRODUCT_BUNDLE_IDENTIFIER = "com.zulkams.recipe-appUITests";
				PRODUCT_NAME = "$(TARGET_NAME)";
				SWIFT_EMIT_LOC_STRINGS = NO;
				SWIFT_VERSION = 5.0;
				TARGETED_DEVICE_FAMILY = "1,2";
				TEST_TARGET_NAME = "recipe-app";
			};
			name = Debug;
		};
		2E9FB3C72DFDBE4800AE03E7 /* Release */ = {
			isa = XCBuildConfiguration;
			buildSettings = {
				CODE_SIGN_STYLE = Automatic;
				CURRENT_PROJECT_VERSION = 1;
				DEVELOPMENT_TEAM = LKX6LDMRFG;
				GENERATE_INFOPLIST_FILE = YES;
				MARKETING_VERSION = 1.0;
				PRODUCT_BUNDLE_IDENTIFIER = "com.zulkams.recipe-appUITests";
				PRODUCT_NAME = "$(TARGET_NAME)";
				SWIFT_EMIT_LOC_STRINGS = NO;
				SWIFT_VERSION = 5.0;
				TARGETED_DEVICE_FAMILY = "1,2";
				TEST_TARGET_NAME = "recipe-app";
			};
			name = Release;
		};
/* End XCBuildConfiguration section */

/* Begin XCConfigurationList section */
		2E9FB38C2DFDBE4600AE03E7 /* Build configuration list for PBXProject "recipe-app" */ = {
			isa = XCConfigurationList;
			buildConfigurations = (
				2E9FB3C02DFDBE4800AE03E7 /* Debug */,
				2E9FB3C12DFDBE4800AE03E7 /* Release */,
			);
			defaultConfigurationIsVisible = 0;
			defaultConfigurationName = Release;
		};
		2E9FB3BD2DFDBE4800AE03E7 /* Build configuration list for PBXNativeTarget "recipe-app" */ = {
			isa = XCConfigurationList;
			buildConfigurations = (
				2E9FB3BE2DFDBE4800AE03E7 /* Debug */,
				2E9FB3BF2DFDBE4800AE03E7 /* Release */,
			);
			defaultConfigurationIsVisible = 0;
			defaultConfigurationName = Release;
		};
		2E9FB3C22DFDBE4800AE03E7 /* Build configuration list for PBXNativeTarget "recipe-appTests" */ = {
			isa = XCConfigurationList;
			buildConfigurations = (
				2E9FB3C32DFDBE4800AE03E7 /* Debug */,
				2E9FB3C42DFDBE4800AE03E7 /* Release */,
			);
			defaultConfigurationIsVisible = 0;
			defaultConfigurationName = Release;
		};
		2E9FB3C52DFDBE4800AE03E7 /* Build configuration list for PBXNativeTarget "recipe-appUITests" */ = {
			isa = XCConfigurationList;
			buildConfigurations = (
				2E9FB3C62DFDBE4800AE03E7 /* Debug */,
				2E9FB3C72DFDBE4800AE03E7 /* Release */,
			);
			defaultConfigurationIsVisible = 0;
			defaultConfigurationName = Release;
		};
/* End XCConfigurationList section */
	};
	rootObject = 2E9FB3892DFDBE4600AE03E7 /* Project object */;
}
